
Microsoft Visual Studio Solution File, Format Version 12.00
# Visual Studio Version 16
VisualStudioVersion = 16.0.31129.286
MinimumVisualStudioVersion = 10.0.40219.1
Project("{FAE04EC0-301F-11D3-BF4B-00C04F79EFBC}") = "JobSearchA00222002", "JobSearchA00222002\JobSearchA00222002.csproj", "{E812C2C1-08E5-4F59-9320-A463912D1C7A}"
EndProject
Global
	GlobalSection(SolutionConfigurationPlatforms) = preSolution
		Debug|Any CPU = Debug|Any CPU
		Release|Any CPU = Release|Any CPU
	EndGlobalSection
	GlobalSection(ProjectConfigurationPlatforms) = postSolution
		{E812C2C1-08E5-4F59-9320-A463912D1C7A}.Debug|Any CPU.ActiveCfg = Debug|Any CPU
		{E812C2C1-08E5-4F59-9320-A463912D1C7A}.Debug|Any CPU.Build.0 = Debug|Any CPU
		{E812C2C1-08E5-4F59-9320-A463912D1C7A}.Release|Any CPU.ActiveCfg = Release|Any CPU
		{E812C2C1-08E5-4F59-9320-A463912D1C7A}.Release|Any CPU.Build.0 = Release|Any CPU
	EndGlobalSection
	GlobalSection(SolutionProperties) = preSolution
		HideSolutionNode = FALSE
	EndGlobalSection
	GlobalSection(ExtensibilityGlobals) = postSolution
		SolutionGuid = {B18006BC-4074-434A-9271-8D23EA360C13}
	EndGlobalSection
EndGlobal
